
Microsoft Visual Studio Solution File, Format Version 12.00
# Visual Studio 15
VisualStudioVersion = 15.0.26730.8
MinimumVisualStudioVersion = 10.0.40219.1
Project("{FAE04EC0-301F-11D3-BF4B-00C04F79EFBC}") = "WPL.ReflectiveLookup", "WPL.ReflectiveLookup\WPL.ReflectiveLookup.csproj", "{9C276719-838F-452D-BE20-E2119E9F888B}"
EndProject
Project("{FAE04EC0-301F-11D3-BF4B-00C04F79EFBC}") = "WPL.ReflectiveLookup.Examples", "WPL.ReflectiveLookup.Examples\WPL.ReflectiveLookup.Examples.csproj", "{EBC546C8-C214-4492-A8DB-52F478A8F4BB}"
EndProject
Global
	GlobalSection(SolutionConfigurationPlatforms) = preSolution
		Debug|Any CPU = Debug|Any CPU
		Release|Any CPU = Release|Any CPU
	EndGlobalSection
	GlobalSection(ProjectConfigurationPlatforms) = postSolution
		{9C276719-838F-452D-BE20-E2119E9F888B}.Debug|Any CPU.ActiveCfg = Debug|Any CPU
		{9C276719-838F-452D-BE20-E2119E9F888B}.Debug|Any CPU.Build.0 = Debug|Any CPU
		{9C276719-838F-452D-BE20-E2119E9F888B}.Release|Any CPU.ActiveCfg = Release|Any CPU
		{9C276719-838F-452D-BE20-E2119E9F888B}.Release|Any CPU.Build.0 = Release|Any CPU
		{EBC546C8-C214-4492-A8DB-52F478A8F4BB}.Debug|Any CPU.ActiveCfg = Debug|Any CPU
		{EBC546C8-C214-4492-A8DB-52F478A8F4BB}.Debug|Any CPU.Build.0 = Debug|Any CPU
		{EBC546C8-C214-4492-A8DB-52F478A8F4BB}.Release|Any CPU.ActiveCfg = Release|Any CPU
		{EBC546C8-C214-4492-A8DB-52F478A8F4BB}.Release|Any CPU.Build.0 = Release|Any CPU
	EndGlobalSection
	GlobalSection(SolutionProperties) = preSolution
		HideSolutionNode = FALSE
	EndGlobalSection
	GlobalSection(ExtensibilityGlobals) = postSolution
		SolutionGuid = {C61DFBD6-2E6C-4D57-8649-CCDF153720B8}
	EndGlobalSection
EndGlobal
